
Microsoft Visual Studio Solution File, Format Version 12.00
# Visual Studio Version 17
VisualStudioVersion = 17.3.32901.215
MinimumVisualStudioVersion = 10.0.40219.1
Project("{FAE04EC0-301F-11D3-BF4B-00C04F79EFBC}") = "Schaakbord", "Schaakbord.csproj", "{81D21F54-E7E1-49B6-969D-721FFA2DD284}"
EndProject
Global
	GlobalSection(SolutionConfigurationPlatforms) = preSolution
		Debug|Any CPU = Debug|Any CPU
		Release|Any CPU = Release|Any CPU
	EndGlobalSection
	GlobalSection(ProjectConfigurationPlatforms) = postSolution
		{81D21F54-E7E1-49B6-969D-721FFA2DD284}.Debug|Any CPU.ActiveCfg = Debug|Any CPU
		{81D21F54-E7E1-49B6-969D-721FFA2DD284}.Debug|Any CPU.Build.0 = Debug|Any CPU
		{81D21F54-E7E1-49B6-969D-721FFA2DD284}.Release|Any CPU.ActiveCfg = Release|Any CPU
		{81D21F54-E7E1-49B6-969D-721FFA2DD284}.Release|Any CPU.Build.0 = Release|Any CPU
	EndGlobalSection
	GlobalSection(SolutionProperties) = preSolution
		HideSolutionNode = FALSE
	EndGlobalSection
	GlobalSection(ExtensibilityGlobals) = postSolution
		SolutionGuid = {D7ADA956-BCDE-488E-84F7-6E6FE8764682}
	EndGlobalSection
EndGlobal
